
Microsoft Visual Studio Solution File, Format Version 12.00
Project("{2150E333-8FDC-42A3-9474-1A3956D46DE8}") = "docs", "docs", "{ACFCEFF7-8C3B-4D05-8080-DD19A6E07873}"
	ProjectSection(SolutionItems) = preProject
		README.md = README.md
	EndProjectSection
EndProject
Project("{2150E333-8FDC-42A3-9474-1A3956D46DE8}") = "actions", "actions", "{82BA388F-4AE2-43A2-965A-AC2092BF26F3}"
	ProjectSection(SolutionItems) = preProject
		.github\workflows\dotnet.yml = .github\workflows\dotnet.yml
		.github\workflows\test-reporter.yml = .github\workflows\test-reporter.yml
		.github\workflows\Plagiarism_detector.yml = .github\workflows\Plagiarism_detector.yml
		.github\coverlet.runsettings = .github\coverlet.runsettings
	EndProjectSection
EndProject
Project("{2150E333-8FDC-42A3-9474-1A3956D46DE8}") = "Homework4", "Homework4", "{7E7C3A19-9AD4-48AE-AABE-6B1BA46F7B2A}"
	ProjectSection(SolutionItems) = preProject
		Homework4\README.md = Homework4\README.md
	EndProjectSection
EndProject
Project("{F2A71F9B-5D33-465A-A702-920D77279786}") = "Hw4", "Homework4\Hw4\Hw4.fsproj", "{DA474747-7477-47A1-BD8E-9FD98CB1BBD6}"
EndProject
Project("{F2A71F9B-5D33-465A-A702-920D77279786}") = "Hw4.Tests", "Homework4\Hw4.Tests\Hw4.Tests.fsproj", "{6EDC357B-14D8-4FC6-9BBB-5CAC26F7388C}"
EndProject
Project("{2150E333-8FDC-42A3-9474-1A3956D46DE8}") = "Homework1", "Homework1", "{6257206A-DA8A-43F1-83C6-8EA8184D9D09}"
EndProject
Project("{FAE04EC0-301F-11D3-BF4B-00C04F79EFBC}") = "Hw1", "Homework1\Hw1\Hw1.csproj", "{012C2EED-C717-4C64-9B8E-5058F9FCD658}"
EndProject
Project("{FAE04EC0-301F-11D3-BF4B-00C04F79EFBC}") = "Hw1.Tests", "Homework1\Hw1.Tests\Hw1.Tests.csproj", "{AE0728B3-1682-4D21-A446-6708620C5F09}"
EndProject
Project("{2150E333-8FDC-42A3-9474-1A3956D46DE8}") = "Homework2", "Homework2", "{9AA4368B-E0DF-441D-AF0C-CF2A3723F3C5}"
EndProject
Project("{9A19103F-16F7-4668-BE54-9A1E7A4F7556}") = "Hw2", "Homework2\Hw2\Hw2.ilproj", "{B29CB7EB-6002-43AB-9C09-BFED883EAFCD}"
EndProject
Project("{FAE04EC0-301F-11D3-BF4B-00C04F79EFBC}") = "Hw2Tests", "Homework2\Hw2.Tests\Hw2Tests.csproj", "{E463F353-80EC-406E-896B-880FDDF1CBFE}"
EndProject
Project("{2150E333-8FDC-42A3-9474-1A3956D46DE8}") = "Homework3", "Homework3", "{02BFE1BE-262C-41EB-8C95-A6EA6D106BA1}"
EndProject
Project("{FAE04EC0-301F-11D3-BF4B-00C04F79EFBC}") = "Hw3.Mutex", "Homework3\Hw3.Mutex\Hw3.Mutex.csproj", "{D1A72980-3DB6-49B1-86B4-9599D1A972A5}"
EndProject
Project("{FAE04EC0-301F-11D3-BF4B-00C04F79EFBC}") = "Hw3.Tests", "Homework3\Hw3.Tests\Hw3.Tests.csproj", "{4679EFB0-DC04-4F56-AB55-445CDEB3A373}"
EndProject
Global
	GlobalSection(SolutionConfigurationPlatforms) = preSolution
		Debug|Any CPU = Debug|Any CPU
		Release|Any CPU = Release|Any CPU
	EndGlobalSection
	GlobalSection(ProjectConfigurationPlatforms) = postSolution
		{DA474747-7477-47A1-BD8E-9FD98CB1BBD6}.Debug|Any CPU.ActiveCfg = Debug|Any CPU
		{DA474747-7477-47A1-BD8E-9FD98CB1BBD6}.Debug|Any CPU.Build.0 = Debug|Any CPU
		{DA474747-7477-47A1-BD8E-9FD98CB1BBD6}.Release|Any CPU.ActiveCfg = Release|Any CPU
		{DA474747-7477-47A1-BD8E-9FD98CB1BBD6}.Release|Any CPU.Build.0 = Release|Any CPU
		{6EDC357B-14D8-4FC6-9BBB-5CAC26F7388C}.Debug|Any CPU.ActiveCfg = Debug|Any CPU
		{6EDC357B-14D8-4FC6-9BBB-5CAC26F7388C}.Debug|Any CPU.Build.0 = Debug|Any CPU
		{6EDC357B-14D8-4FC6-9BBB-5CAC26F7388C}.Release|Any CPU.ActiveCfg = Release|Any CPU
		{6EDC357B-14D8-4FC6-9BBB-5CAC26F7388C}.Release|Any CPU.Build.0 = Release|Any CPU
		{012C2EED-C717-4C64-9B8E-5058F9FCD658}.Debug|Any CPU.ActiveCfg = Debug|Any CPU
		{012C2EED-C717-4C64-9B8E-5058F9FCD658}.Debug|Any CPU.Build.0 = Debug|Any CPU
		{012C2EED-C717-4C64-9B8E-5058F9FCD658}.Release|Any CPU.ActiveCfg = Release|Any CPU
		{012C2EED-C717-4C64-9B8E-5058F9FCD658}.Release|Any CPU.Build.0 = Release|Any CPU
		{AE0728B3-1682-4D21-A446-6708620C5F09}.Debug|Any CPU.ActiveCfg = Debug|Any CPU
		{AE0728B3-1682-4D21-A446-6708620C5F09}.Debug|Any CPU.Build.0 = Debug|Any CPU
		{AE0728B3-1682-4D21-A446-6708620C5F09}.Release|Any CPU.ActiveCfg = Release|Any CPU
		{AE0728B3-1682-4D21-A446-6708620C5F09}.Release|Any CPU.Build.0 = Release|Any CPU
		{B29CB7EB-6002-43AB-9C09-BFED883EAFCD}.Debug|Any CPU.ActiveCfg = Debug|Any CPU
		{B29CB7EB-6002-43AB-9C09-BFED883EAFCD}.Debug|Any CPU.Build.0 = Debug|Any CPU
		{B29CB7EB-6002-43AB-9C09-BFED883EAFCD}.Release|Any CPU.ActiveCfg = Release|Any CPU
		{B29CB7EB-6002-43AB-9C09-BFED883EAFCD}.Release|Any CPU.Build.0 = Release|Any CPU
		{E463F353-80EC-406E-896B-880FDDF1CBFE}.Debug|Any CPU.ActiveCfg = Debug|Any CPU
		{E463F353-80EC-406E-896B-880FDDF1CBFE}.Debug|Any CPU.Build.0 = Debug|Any CPU
		{E463F353-80EC-406E-896B-880FDDF1CBFE}.Release|Any CPU.ActiveCfg = Release|Any CPU
		{E463F353-80EC-406E-896B-880FDDF1CBFE}.Release|Any CPU.Build.0 = Release|Any CPU
		{D1A72980-3DB6-49B1-86B4-9599D1A972A5}.Debug|Any CPU.ActiveCfg = Debug|Any CPU
		{D1A72980-3DB6-49B1-86B4-9599D1A972A5}.Debug|Any CPU.Build.0 = Debug|Any CPU
		{D1A72980-3DB6-49B1-86B4-9599D1A972A5}.Release|Any CPU.ActiveCfg = Release|Any CPU
		{D1A72980-3DB6-49B1-86B4-9599D1A972A5}.Release|Any CPU.Build.0 = Release|Any CPU
		{4679EFB0-DC04-4F56-AB55-445CDEB3A373}.Debug|Any CPU.ActiveCfg = Debug|Any CPU
		{4679EFB0-DC04-4F56-AB55-445CDEB3A373}.Debug|Any CPU.Build.0 = Debug|Any CPU
		{4679EFB0-DC04-4F56-AB55-445CDEB3A373}.Release|Any CPU.ActiveCfg = Release|Any CPU
		{4679EFB0-DC04-4F56-AB55-445CDEB3A373}.Release|Any CPU.Build.0 = Release|Any CPU
	EndGlobalSection
	GlobalSection(NestedProjects) = preSolution
		{DA474747-7477-47A1-BD8E-9FD98CB1BBD6} = {7E7C3A19-9AD4-48AE-AABE-6B1BA46F7B2A}
		{6EDC357B-14D8-4FC6-9BBB-5CAC26F7388C} = {7E7C3A19-9AD4-48AE-AABE-6B1BA46F7B2A}
		{012C2EED-C717-4C64-9B8E-5058F9FCD658} = {6257206A-DA8A-43F1-83C6-8EA8184D9D09}
		{AE0728B3-1682-4D21-A446-6708620C5F09} = {6257206A-DA8A-43F1-83C6-8EA8184D9D09}
		{B29CB7EB-6002-43AB-9C09-BFED883EAFCD} = {9AA4368B-E0DF-441D-AF0C-CF2A3723F3C5}
		{E463F353-80EC-406E-896B-880FDDF1CBFE} = {9AA4368B-E0DF-441D-AF0C-CF2A3723F3C5}
		{D1A72980-3DB6-49B1-86B4-9599D1A972A5} = {02BFE1BE-262C-41EB-8C95-A6EA6D106BA1}
		{4679EFB0-DC04-4F56-AB55-445CDEB3A373} = {02BFE1BE-262C-41EB-8C95-A6EA6D106BA1}
	EndGlobalSection
EndGlobal