
Microsoft Visual Studio Solution File, Format Version 12.00
Project("{2150E333-8FDC-42A3-9474-1A3956D46DE8}") = "docs", "docs", "{ACFCEFF7-8C3B-4D05-8080-DD19A6E07873}"
	ProjectSection(SolutionItems) = preProject
		README.md = README.md
	EndProjectSection
EndProject
Project("{2150E333-8FDC-42A3-9474-1A3956D46DE8}") = "actions", "actions", "{82BA388F-4AE2-43A2-965A-AC2092BF26F3}"
	ProjectSection(SolutionItems) = preProject
		.github\workflows\dotnet.yml = .github\workflows\dotnet.yml
		.github\workflows\test-reporter.yml = .github\workflows\test-reporter.yml
		.github\workflows\Plagiarism_detector.yml = .github\workflows\Plagiarism_detector.yml
		.github\coverlet.runsettings = .github\coverlet.runsettings
	EndProjectSection
EndProject
Project("{2150E333-8FDC-42A3-9474-1A3956D46DE8}") = "Homework10", "Homework10", "{CA0AC784-DCC4-4F38-9869-B8BB394B2405}"
	ProjectSection(SolutionItems) = preProject
		Homework10\README.md = Homework10\README.md
	EndProjectSection
EndProject
Project("{FAE04EC0-301F-11D3-BF4B-00C04F79EFBC}") = "Hw10", "Homework10\Hw10\Hw10.csproj", "{B790F86F-1684-41B5-8BFA-8CA70A69611A}"
EndProject
Project("{FAE04EC0-301F-11D3-BF4B-00C04F79EFBC}") = "Hw10.Tests", "Homework10\Hw10.Tests\Hw10.Tests.csproj", "{FEC3FD1B-54AC-439D-BD1C-B4B19E471FE4}"
EndProject
Project("{2150E333-8FDC-42A3-9474-1A3956D46DE8}") = "Homework1", "Homework1", "{70B49E54-7B6E-452D-BD70-19DD80D02EA7}"
EndProject
Project("{2150E333-8FDC-42A3-9474-1A3956D46DE8}") = "Homework2", "Homework2", "{E98CB2A5-916A-46A7-A2EF-C9910B21640B}"
EndProject
Project("{2150E333-8FDC-42A3-9474-1A3956D46DE8}") = "Homework3", "Homework3", "{9F1B0ED8-0F8E-4B41-9EA9-3CE032CB2509}"
EndProject
Project("{2150E333-8FDC-42A3-9474-1A3956D46DE8}") = "Homework9", "Homework9", "{6E7F025F-6681-4592-9F12-80C155D42A41}"
EndProject
Project("{FAE04EC0-301F-11D3-BF4B-00C04F79EFBC}") = "Hw9", "Homework9\Hw9\Hw9.csproj", "{71BE487F-4BCA-4D78-908A-83B2B2762537}"
EndProject
Project("{FAE04EC0-301F-11D3-BF4B-00C04F79EFBC}") = "Hw9.Tests", "Homework9\Hw9.Tests\Hw9.Tests.csproj", "{BC7A0CF3-2367-438B-A56A-639C6A29BDEB}"
EndProject
Project("{2150E333-8FDC-42A3-9474-1A3956D46DE8}") = "Homework4", "Homework4", "{564EE255-4E7F-4809-B994-01EF007EA9F2}"
EndProject
Project("{2150E333-8FDC-42A3-9474-1A3956D46DE8}") = "Homework5", "Homework5", "{62726165-B35C-4B6A-89F0-AB4B67AA4526}"
EndProject
Project("{2150E333-8FDC-42A3-9474-1A3956D46DE8}") = "Homework6", "Homework6", "{C66E56CE-6908-4590-A13F-8A5D7BFE4BF5}"
EndProject
Project("{2150E333-8FDC-42A3-9474-1A3956D46DE8}") = "Homework7", "Homework7", "{B9730DE0-854D-4D93-A693-72B0318A2DDE}"
EndProject
Project("{2150E333-8FDC-42A3-9474-1A3956D46DE8}") = "Homework8", "Homework8", "{F317363F-18DD-4387-A93A-0232590E9F33}"
EndProject
Project("{FAE04EC0-301F-11D3-BF4B-00C04F79EFBC}") = "Hw1", "Homework1\Hw1\Hw1.csproj", "{E3AA0B06-8F36-4A55-9FDB-3B6E7D47A1C5}"
EndProject
Project("{FAE04EC0-301F-11D3-BF4B-00C04F79EFBC}") = "Hw1.Tests", "Homework1\Hw1.Tests\Hw1.Tests.csproj", "{01A72D70-75E6-420A-95D0-828EC4D12B69}"
EndProject
Project("{9A19103F-16F7-4668-BE54-9A1E7A4F7556}") = "Hw2", "Homework2\Hw2\Hw2.ilproj", "{3BA96FBA-4381-4F02-B40F-57176A6E86D2}"
EndProject
Project("{FAE04EC0-301F-11D3-BF4B-00C04F79EFBC}") = "Hw2Tests", "Homework2\Hw2.Tests\Hw2Tests.csproj", "{3CAFC895-CA30-4AFC-90CD-C4BD000FF6E4}"
EndProject
Project("{FAE04EC0-301F-11D3-BF4B-00C04F79EFBC}") = "Hw3.Mutex", "Homework3\Hw3.Mutex\Hw3.Mutex.csproj", "{9791528B-5423-4B9C-9C26-929E0CC77647}"
EndProject
Project("{FAE04EC0-301F-11D3-BF4B-00C04F79EFBC}") = "Hw3.Tests", "Homework3\Hw3.Tests\Hw3.Tests.csproj", "{EC6D0471-8CDA-450F-8DDA-E39690E76AED}"
EndProject
Project("{F2A71F9B-5D33-465A-A702-920D77279786}") = "Hw4", "Homework4\Hw4\Hw4.fsproj", "{E8B65782-FEAE-4F7B-8FE0-3930D619254E}"
EndProject
Project("{F2A71F9B-5D33-465A-A702-920D77279786}") = "Hw4.Tests", "Homework4\Hw4.Tests\Hw4.Tests.fsproj", "{D992AA4C-44D6-49D9-908A-44DD76E321BC}"
EndProject
Project("{F2A71F9B-5D33-465A-A702-920D77279786}") = "Hw5", "Homework5\Hw5\Hw5.fsproj", "{39B95E09-6B65-4D2F-AE59-B8C528863C19}"
EndProject
Project("{F2A71F9B-5D33-465A-A702-920D77279786}") = "Hw5.Tests", "Homework5\Hw5.Tests\Hw5.Tests.fsproj", "{DA577EF0-7CFA-4D21-9C62-B3830A70DBD2}"
EndProject
Project("{F2A71F9B-5D33-465A-A702-920D77279786}") = "Hw6", "Homework6\Hw6\Hw6.fsproj", "{96FAD2EF-1D3A-4F73-BE64-30AA53BAAEB8}"
EndProject
Project("{FAE04EC0-301F-11D3-BF4B-00C04F79EFBC}") = "Hw6Tests", "Homework6\Hw6.Tests\Hw6Tests.csproj", "{98544D4E-AA8B-47FD-A1ED-3604550C5FA4}"
EndProject
Project("{F2A71F9B-5D33-465A-A702-920D77279786}") = "Hw6Client", "Homework6\Hw6Client\Hw6Client.fsproj", "{DC334303-54E4-4783-B6AF-E60456DAEA93}"
EndProject
Project("{FAE04EC0-301F-11D3-BF4B-00C04F79EFBC}") = "Hw7", "Homework7\Hw7\Hw7.csproj", "{EF7F257C-2F29-47D3-913E-009215F16575}"
EndProject
Project("{FAE04EC0-301F-11D3-BF4B-00C04F79EFBC}") = "Hw7.Tests", "Homework7\Hw7.Tests\Hw7.Tests.csproj", "{CB4F6A98-3985-48E5-89EB-918D32FC0A55}"
EndProject
Project("{FAE04EC0-301F-11D3-BF4B-00C04F79EFBC}") = "Hw8", "Homework8\Hw8\Hw8.csproj", "{CD6A3FCB-B8AA-4B59-8071-EA380889BCC3}"
EndProject
Project("{FAE04EC0-301F-11D3-BF4B-00C04F79EFBC}") = "Hw8.Tests", "Homework8\Hw8.Tests\Hw8.Tests.csproj", "{0B6BB662-15CE-4D6E-BD19-D5771AA64919}"
EndProject
Global
	GlobalSection(SolutionConfigurationPlatforms) = preSolution
		Debug|Any CPU = Debug|Any CPU
		Release|Any CPU = Release|Any CPU
	EndGlobalSection
	GlobalSection(ProjectConfigurationPlatforms) = postSolution
		{B790F86F-1684-41B5-8BFA-8CA70A69611A}.Debug|Any CPU.ActiveCfg = Debug|Any CPU
		{B790F86F-1684-41B5-8BFA-8CA70A69611A}.Debug|Any CPU.Build.0 = Debug|Any CPU
		{B790F86F-1684-41B5-8BFA-8CA70A69611A}.Release|Any CPU.ActiveCfg = Release|Any CPU
		{B790F86F-1684-41B5-8BFA-8CA70A69611A}.Release|Any CPU.Build.0 = Release|Any CPU
		{FEC3FD1B-54AC-439D-BD1C-B4B19E471FE4}.Debug|Any CPU.ActiveCfg = Debug|Any CPU
		{FEC3FD1B-54AC-439D-BD1C-B4B19E471FE4}.Debug|Any CPU.Build.0 = Debug|Any CPU
		{FEC3FD1B-54AC-439D-BD1C-B4B19E471FE4}.Release|Any CPU.ActiveCfg = Release|Any CPU
		{FEC3FD1B-54AC-439D-BD1C-B4B19E471FE4}.Release|Any CPU.Build.0 = Release|Any CPU
		{71BE487F-4BCA-4D78-908A-83B2B2762537}.Debug|Any CPU.ActiveCfg = Debug|Any CPU
		{71BE487F-4BCA-4D78-908A-83B2B2762537}.Debug|Any CPU.Build.0 = Debug|Any CPU
		{71BE487F-4BCA-4D78-908A-83B2B2762537}.Release|Any CPU.ActiveCfg = Release|Any CPU
		{71BE487F-4BCA-4D78-908A-83B2B2762537}.Release|Any CPU.Build.0 = Release|Any CPU
		{BC7A0CF3-2367-438B-A56A-639C6A29BDEB}.Debug|Any CPU.ActiveCfg = Debug|Any CPU
		{BC7A0CF3-2367-438B-A56A-639C6A29BDEB}.Debug|Any CPU.Build.0 = Debug|Any CPU
		{BC7A0CF3-2367-438B-A56A-639C6A29BDEB}.Release|Any CPU.ActiveCfg = Release|Any CPU
		{BC7A0CF3-2367-438B-A56A-639C6A29BDEB}.Release|Any CPU.Build.0 = Release|Any CPU
		{E3AA0B06-8F36-4A55-9FDB-3B6E7D47A1C5}.Debug|Any CPU.ActiveCfg = Debug|Any CPU
		{E3AA0B06-8F36-4A55-9FDB-3B6E7D47A1C5}.Debug|Any CPU.Build.0 = Debug|Any CPU
		{E3AA0B06-8F36-4A55-9FDB-3B6E7D47A1C5}.Release|Any CPU.ActiveCfg = Release|Any CPU
		{E3AA0B06-8F36-4A55-9FDB-3B6E7D47A1C5}.Release|Any CPU.Build.0 = Release|Any CPU
		{01A72D70-75E6-420A-95D0-828EC4D12B69}.Debug|Any CPU.ActiveCfg = Debug|Any CPU
		{01A72D70-75E6-420A-95D0-828EC4D12B69}.Debug|Any CPU.Build.0 = Debug|Any CPU
		{01A72D70-75E6-420A-95D0-828EC4D12B69}.Release|Any CPU.ActiveCfg = Release|Any CPU
		{01A72D70-75E6-420A-95D0-828EC4D12B69}.Release|Any CPU.Build.0 = Release|Any CPU
		{3BA96FBA-4381-4F02-B40F-57176A6E86D2}.Debug|Any CPU.ActiveCfg = Debug|Any CPU
		{3BA96FBA-4381-4F02-B40F-57176A6E86D2}.Debug|Any CPU.Build.0 = Debug|Any CPU
		{3BA96FBA-4381-4F02-B40F-57176A6E86D2}.Release|Any CPU.ActiveCfg = Release|Any CPU
		{3BA96FBA-4381-4F02-B40F-57176A6E86D2}.Release|Any CPU.Build.0 = Release|Any CPU
		{3CAFC895-CA30-4AFC-90CD-C4BD000FF6E4}.Debug|Any CPU.ActiveCfg = Debug|Any CPU
		{3CAFC895-CA30-4AFC-90CD-C4BD000FF6E4}.Debug|Any CPU.Build.0 = Debug|Any CPU
		{3CAFC895-CA30-4AFC-90CD-C4BD000FF6E4}.Release|Any CPU.ActiveCfg = Release|Any CPU
		{3CAFC895-CA30-4AFC-90CD-C4BD000FF6E4}.Release|Any CPU.Build.0 = Release|Any CPU
		{9791528B-5423-4B9C-9C26-929E0CC77647}.Debug|Any CPU.ActiveCfg = Debug|Any CPU
		{9791528B-5423-4B9C-9C26-929E0CC77647}.Debug|Any CPU.Build.0 = Debug|Any CPU
		{9791528B-5423-4B9C-9C26-929E0CC77647}.Release|Any CPU.ActiveCfg = Release|Any CPU
		{9791528B-5423-4B9C-9C26-929E0CC77647}.Release|Any CPU.Build.0 = Release|Any CPU
		{EC6D0471-8CDA-450F-8DDA-E39690E76AED}.Debug|Any CPU.ActiveCfg = Debug|Any CPU
		{EC6D0471-8CDA-450F-8DDA-E39690E76AED}.Debug|Any CPU.Build.0 = Debug|Any CPU
		{EC6D0471-8CDA-450F-8DDA-E39690E76AED}.Release|Any CPU.ActiveCfg = Release|Any CPU
		{EC6D0471-8CDA-450F-8DDA-E39690E76AED}.Release|Any CPU.Build.0 = Release|Any CPU
		{E8B65782-FEAE-4F7B-8FE0-3930D619254E}.Debug|Any CPU.ActiveCfg = Debug|Any CPU
		{E8B65782-FEAE-4F7B-8FE0-3930D619254E}.Debug|Any CPU.Build.0 = Debug|Any CPU
		{E8B65782-FEAE-4F7B-8FE0-3930D619254E}.Release|Any CPU.ActiveCfg = Release|Any CPU
		{E8B65782-FEAE-4F7B-8FE0-3930D619254E}.Release|Any CPU.Build.0 = Release|Any CPU
		{D992AA4C-44D6-49D9-908A-44DD76E321BC}.Debug|Any CPU.ActiveCfg = Debug|Any CPU
		{D992AA4C-44D6-49D9-908A-44DD76E321BC}.Debug|Any CPU.Build.0 = Debug|Any CPU
		{D992AA4C-44D6-49D9-908A-44DD76E321BC}.Release|Any CPU.ActiveCfg = Release|Any CPU
		{D992AA4C-44D6-49D9-908A-44DD76E321BC}.Release|Any CPU.Build.0 = Release|Any CPU
		{39B95E09-6B65-4D2F-AE59-B8C528863C19}.Debug|Any CPU.ActiveCfg = Debug|Any CPU
		{39B95E09-6B65-4D2F-AE59-B8C528863C19}.Debug|Any CPU.Build.0 = Debug|Any CPU
		{39B95E09-6B65-4D2F-AE59-B8C528863C19}.Release|Any CPU.ActiveCfg = Release|Any CPU
		{39B95E09-6B65-4D2F-AE59-B8C528863C19}.Release|Any CPU.Build.0 = Release|Any CPU
		{DA577EF0-7CFA-4D21-9C62-B3830A70DBD2}.Debug|Any CPU.ActiveCfg = Debug|Any CPU
		{DA577EF0-7CFA-4D21-9C62-B3830A70DBD2}.Debug|Any CPU.Build.0 = Debug|Any CPU
		{DA577EF0-7CFA-4D21-9C62-B3830A70DBD2}.Release|Any CPU.ActiveCfg = Release|Any CPU
		{DA577EF0-7CFA-4D21-9C62-B3830A70DBD2}.Release|Any CPU.Build.0 = Release|Any CPU
		{96FAD2EF-1D3A-4F73-BE64-30AA53BAAEB8}.Debug|Any CPU.ActiveCfg = Debug|Any CPU
		{96FAD2EF-1D3A-4F73-BE64-30AA53BAAEB8}.Debug|Any CPU.Build.0 = Debug|Any CPU
		{96FAD2EF-1D3A-4F73-BE64-30AA53BAAEB8}.Release|Any CPU.ActiveCfg = Release|Any CPU
		{96FAD2EF-1D3A-4F73-BE64-30AA53BAAEB8}.Release|Any CPU.Build.0 = Release|Any CPU
		{98544D4E-AA8B-47FD-A1ED-3604550C5FA4}.Debug|Any CPU.ActiveCfg = Debug|Any CPU
		{98544D4E-AA8B-47FD-A1ED-3604550C5FA4}.Debug|Any CPU.Build.0 = Debug|Any CPU
		{98544D4E-AA8B-47FD-A1ED-3604550C5FA4}.Release|Any CPU.ActiveCfg = Release|Any CPU
		{98544D4E-AA8B-47FD-A1ED-3604550C5FA4}.Release|Any CPU.Build.0 = Release|Any CPU
		{DC334303-54E4-4783-B6AF-E60456DAEA93}.Debug|Any CPU.ActiveCfg = Debug|Any CPU
		{DC334303-54E4-4783-B6AF-E60456DAEA93}.Debug|Any CPU.Build.0 = Debug|Any CPU
		{DC334303-54E4-4783-B6AF-E60456DAEA93}.Release|Any CPU.ActiveCfg = Release|Any CPU
		{DC334303-54E4-4783-B6AF-E60456DAEA93}.Release|Any CPU.Build.0 = Release|Any CPU
		{EF7F257C-2F29-47D3-913E-009215F16575}.Debug|Any CPU.ActiveCfg = Debug|Any CPU
		{EF7F257C-2F29-47D3-913E-009215F16575}.Debug|Any CPU.Build.0 = Debug|Any CPU
		{EF7F257C-2F29-47D3-913E-009215F16575}.Release|Any CPU.ActiveCfg = Release|Any CPU
		{EF7F257C-2F29-47D3-913E-009215F16575}.Release|Any CPU.Build.0 = Release|Any CPU
		{CB4F6A98-3985-48E5-89EB-918D32FC0A55}.Debug|Any CPU.ActiveCfg = Debug|Any CPU
		{CB4F6A98-3985-48E5-89EB-918D32FC0A55}.Debug|Any CPU.Build.0 = Debug|Any CPU
		{CB4F6A98-3985-48E5-89EB-918D32FC0A55}.Release|Any CPU.ActiveCfg = Release|Any CPU
		{CB4F6A98-3985-48E5-89EB-918D32FC0A55}.Release|Any CPU.Build.0 = Release|Any CPU
		{CD6A3FCB-B8AA-4B59-8071-EA380889BCC3}.Debug|Any CPU.ActiveCfg = Debug|Any CPU
		{CD6A3FCB-B8AA-4B59-8071-EA380889BCC3}.Debug|Any CPU.Build.0 = Debug|Any CPU
		{CD6A3FCB-B8AA-4B59-8071-EA380889BCC3}.Release|Any CPU.ActiveCfg = Release|Any CPU
		{CD6A3FCB-B8AA-4B59-8071-EA380889BCC3}.Release|Any CPU.Build.0 = Release|Any CPU
		{0B6BB662-15CE-4D6E-BD19-D5771AA64919}.Debug|Any CPU.ActiveCfg = Debug|Any CPU
		{0B6BB662-15CE-4D6E-BD19-D5771AA64919}.Debug|Any CPU.Build.0 = Debug|Any CPU
		{0B6BB662-15CE-4D6E-BD19-D5771AA64919}.Release|Any CPU.ActiveCfg = Release|Any CPU
		{0B6BB662-15CE-4D6E-BD19-D5771AA64919}.Release|Any CPU.Build.0 = Release|Any CPU
	EndGlobalSection
	GlobalSection(NestedProjects) = preSolution
		{B790F86F-1684-41B5-8BFA-8CA70A69611A} = {CA0AC784-DCC4-4F38-9869-B8BB394B2405}
		{FEC3FD1B-54AC-439D-BD1C-B4B19E471FE4} = {CA0AC784-DCC4-4F38-9869-B8BB394B2405}
		{71BE487F-4BCA-4D78-908A-83B2B2762537} = {6E7F025F-6681-4592-9F12-80C155D42A41}
		{BC7A0CF3-2367-438B-A56A-639C6A29BDEB} = {6E7F025F-6681-4592-9F12-80C155D42A41}
		{E3AA0B06-8F36-4A55-9FDB-3B6E7D47A1C5} = {70B49E54-7B6E-452D-BD70-19DD80D02EA7}
		{01A72D70-75E6-420A-95D0-828EC4D12B69} = {70B49E54-7B6E-452D-BD70-19DD80D02EA7}
		{3BA96FBA-4381-4F02-B40F-57176A6E86D2} = {E98CB2A5-916A-46A7-A2EF-C9910B21640B}
		{3CAFC895-CA30-4AFC-90CD-C4BD000FF6E4} = {E98CB2A5-916A-46A7-A2EF-C9910B21640B}
		{9791528B-5423-4B9C-9C26-929E0CC77647} = {9F1B0ED8-0F8E-4B41-9EA9-3CE032CB2509}
		{EC6D0471-8CDA-450F-8DDA-E39690E76AED} = {9F1B0ED8-0F8E-4B41-9EA9-3CE032CB2509}
		{E8B65782-FEAE-4F7B-8FE0-3930D619254E} = {564EE255-4E7F-4809-B994-01EF007EA9F2}
		{D992AA4C-44D6-49D9-908A-44DD76E321BC} = {564EE255-4E7F-4809-B994-01EF007EA9F2}
		{39B95E09-6B65-4D2F-AE59-B8C528863C19} = {62726165-B35C-4B6A-89F0-AB4B67AA4526}
		{DA577EF0-7CFA-4D21-9C62-B3830A70DBD2} = {62726165-B35C-4B6A-89F0-AB4B67AA4526}
		{96FAD2EF-1D3A-4F73-BE64-30AA53BAAEB8} = {C66E56CE-6908-4590-A13F-8A5D7BFE4BF5}
		{98544D4E-AA8B-47FD-A1ED-3604550C5FA4} = {C66E56CE-6908-4590-A13F-8A5D7BFE4BF5}
		{DC334303-54E4-4783-B6AF-E60456DAEA93} = {C66E56CE-6908-4590-A13F-8A5D7BFE4BF5}
		{EF7F257C-2F29-47D3-913E-009215F16575} = {B9730DE0-854D-4D93-A693-72B0318A2DDE}
		{CB4F6A98-3985-48E5-89EB-918D32FC0A55} = {B9730DE0-854D-4D93-A693-72B0318A2DDE}
		{CD6A3FCB-B8AA-4B59-8071-EA380889BCC3} = {F317363F-18DD-4387-A93A-0232590E9F33}
		{0B6BB662-15CE-4D6E-BD19-D5771AA64919} = {F317363F-18DD-4387-A93A-0232590E9F33}
	EndGlobalSection
EndGlobal
