
Microsoft Visual Studio Solution File, Format Version 12.00
Project("{2150E333-8FDC-42A3-9474-1A3956D46DE8}") = "docs", "docs", "{ACFCEFF7-8C3B-4D05-8080-DD19A6E07873}"
	ProjectSection(SolutionItems) = preProject
		README.md = README.md
	EndProjectSection
EndProject
Project("{2150E333-8FDC-42A3-9474-1A3956D46DE8}") = "actions", "actions", "{82BA388F-4AE2-43A2-965A-AC2092BF26F3}"
	ProjectSection(SolutionItems) = preProject
		.github\workflows\dotnet.yml = .github\workflows\dotnet.yml
		.github\workflows\test-reporter.yml = .github\workflows\test-reporter.yml
		.github\workflows\Plagiarism_detector.yml = .github\workflows\Plagiarism_detector.yml
		.github\coverlet.runsettings = .github\coverlet.runsettings
	EndProjectSection
EndProject
Project("{2150E333-8FDC-42A3-9474-1A3956D46DE8}") = "Homework6", "Homework6", "{E16D4D1E-F9D7-4566-8439-E4A063CFAFAD}"
	ProjectSection(SolutionItems) = preProject
		Homework6\README.md = Homework6\README.md
	EndProjectSection
EndProject
Project("{F2A71F9B-5D33-465A-A702-920D77279786}") = "Hw6", "Homework6\Hw6\Hw6.fsproj", "{3B6B82C5-ACA8-4128-86CB-1EECC9D3B6BC}"
EndProject
Project("{FAE04EC0-301F-11D3-BF4B-00C04F79EFBC}") = "Hw6Tests", "Homework6\Hw6.Tests\Hw6Tests.csproj", "{9A993124-7262-48FA-8FAB-A8EABA119947}"
EndProject
Project("{F2A71F9B-5D33-465A-A702-920D77279786}") = "Hw6Client", "Homework6\Hw6Client\Hw6Client.fsproj", "{EAC8CAC9-732B-433A-AC9F-8506B170BC0F}"
EndProject
Project("{2150E333-8FDC-42A3-9474-1A3956D46DE8}") = "Homework1", "Homework1", "{F67B97F4-B925-4A84-ABBA-575C7D3FFF58}"
EndProject
Project("{2150E333-8FDC-42A3-9474-1A3956D46DE8}") = "Homework2", "Homework2", "{93EB3334-11C9-45DF-A01E-0F6EDAE6E36A}"
EndProject
Project("{2150E333-8FDC-42A3-9474-1A3956D46DE8}") = "Homework3", "Homework3", "{CC5231C9-870C-4456-BA23-7E907488ADEB}"
EndProject
Project("{2150E333-8FDC-42A3-9474-1A3956D46DE8}") = "Homework4", "Homework4", "{DBD0281E-BBDF-41B9-80A7-A0B0290083D5}"
EndProject
Project("{2150E333-8FDC-42A3-9474-1A3956D46DE8}") = "Homework5", "Homework5", "{FB977775-1B35-43C6-A56A-10DB0B983901}"
EndProject
Project("{FAE04EC0-301F-11D3-BF4B-00C04F79EFBC}") = "Hw1", "Homework1\Hw1\Hw1.csproj", "{AB2F655C-27B1-42E6-B174-846D36F2F7ED}"
EndProject
Project("{FAE04EC0-301F-11D3-BF4B-00C04F79EFBC}") = "Hw1.Tests", "Homework1\Hw1.Tests\Hw1.Tests.csproj", "{A4781E0F-8D12-43F6-85F2-A4DA2C1A8AA7}"
EndProject
Project("{9A19103F-16F7-4668-BE54-9A1E7A4F7556}") = "Hw2", "Homework2\Hw2\Hw2.ilproj", "{723CA84E-6959-49DD-BA4A-F73FB1D9A398}"
EndProject
Project("{FAE04EC0-301F-11D3-BF4B-00C04F79EFBC}") = "Hw2Tests", "Homework2\Hw2.Tests\Hw2Tests.csproj", "{B77B06BA-995D-4FB4-9E30-23BE6DF50E17}"
EndProject
Project("{FAE04EC0-301F-11D3-BF4B-00C04F79EFBC}") = "Hw3.Mutex", "Homework3\Hw3.Mutex\Hw3.Mutex.csproj", "{97BEF399-E0FF-4515-BC63-121D155FABB2}"
EndProject
Project("{FAE04EC0-301F-11D3-BF4B-00C04F79EFBC}") = "Hw3.Tests", "Homework3\Hw3.Tests\Hw3.Tests.csproj", "{57D47AE3-E274-4425-B4B1-A61EB921B65F}"
EndProject
Project("{F2A71F9B-5D33-465A-A702-920D77279786}") = "Hw4", "Homework4\Hw4\Hw4.fsproj", "{1975E261-8D51-49FB-84B4-2C6C77AD8504}"
EndProject
Project("{F2A71F9B-5D33-465A-A702-920D77279786}") = "Hw4.Tests", "Homework4\Hw4.Tests\Hw4.Tests.fsproj", "{28D0B8AA-9EFD-452F-9AC1-0368E5C5050A}"
EndProject
Project("{F2A71F9B-5D33-465A-A702-920D77279786}") = "Hw5", "Homework5\Hw5\Hw5.fsproj", "{B89442DD-F8AB-4AAD-9E7B-10DB401A4CE6}"
EndProject
Project("{F2A71F9B-5D33-465A-A702-920D77279786}") = "Hw5.Tests", "Homework5\Hw5.Tests\Hw5.Tests.fsproj", "{5F867094-24EF-4191-9525-A6034F086F40}"
EndProject
Global
	GlobalSection(SolutionConfigurationPlatforms) = preSolution
		Debug|Any CPU = Debug|Any CPU
		Release|Any CPU = Release|Any CPU
	EndGlobalSection
	GlobalSection(ProjectConfigurationPlatforms) = postSolution
		{3B6B82C5-ACA8-4128-86CB-1EECC9D3B6BC}.Debug|Any CPU.ActiveCfg = Debug|Any CPU
		{3B6B82C5-ACA8-4128-86CB-1EECC9D3B6BC}.Debug|Any CPU.Build.0 = Debug|Any CPU
		{3B6B82C5-ACA8-4128-86CB-1EECC9D3B6BC}.Release|Any CPU.ActiveCfg = Release|Any CPU
		{3B6B82C5-ACA8-4128-86CB-1EECC9D3B6BC}.Release|Any CPU.Build.0 = Release|Any CPU
		{9A993124-7262-48FA-8FAB-A8EABA119947}.Debug|Any CPU.ActiveCfg = Debug|Any CPU
		{9A993124-7262-48FA-8FAB-A8EABA119947}.Debug|Any CPU.Build.0 = Debug|Any CPU
		{9A993124-7262-48FA-8FAB-A8EABA119947}.Release|Any CPU.ActiveCfg = Release|Any CPU
		{9A993124-7262-48FA-8FAB-A8EABA119947}.Release|Any CPU.Build.0 = Release|Any CPU
		{EAC8CAC9-732B-433A-AC9F-8506B170BC0F}.Debug|Any CPU.ActiveCfg = Debug|Any CPU
		{EAC8CAC9-732B-433A-AC9F-8506B170BC0F}.Debug|Any CPU.Build.0 = Debug|Any CPU
		{EAC8CAC9-732B-433A-AC9F-8506B170BC0F}.Release|Any CPU.ActiveCfg = Release|Any CPU
		{EAC8CAC9-732B-433A-AC9F-8506B170BC0F}.Release|Any CPU.Build.0 = Release|Any CPU
		{AB2F655C-27B1-42E6-B174-846D36F2F7ED}.Debug|Any CPU.ActiveCfg = Debug|Any CPU
		{AB2F655C-27B1-42E6-B174-846D36F2F7ED}.Debug|Any CPU.Build.0 = Debug|Any CPU
		{AB2F655C-27B1-42E6-B174-846D36F2F7ED}.Release|Any CPU.ActiveCfg = Release|Any CPU
		{AB2F655C-27B1-42E6-B174-846D36F2F7ED}.Release|Any CPU.Build.0 = Release|Any CPU
		{A4781E0F-8D12-43F6-85F2-A4DA2C1A8AA7}.Debug|Any CPU.ActiveCfg = Debug|Any CPU
		{A4781E0F-8D12-43F6-85F2-A4DA2C1A8AA7}.Debug|Any CPU.Build.0 = Debug|Any CPU
		{A4781E0F-8D12-43F6-85F2-A4DA2C1A8AA7}.Release|Any CPU.ActiveCfg = Release|Any CPU
		{A4781E0F-8D12-43F6-85F2-A4DA2C1A8AA7}.Release|Any CPU.Build.0 = Release|Any CPU
		{723CA84E-6959-49DD-BA4A-F73FB1D9A398}.Debug|Any CPU.ActiveCfg = Debug|Any CPU
		{723CA84E-6959-49DD-BA4A-F73FB1D9A398}.Debug|Any CPU.Build.0 = Debug|Any CPU
		{723CA84E-6959-49DD-BA4A-F73FB1D9A398}.Release|Any CPU.ActiveCfg = Release|Any CPU
		{723CA84E-6959-49DD-BA4A-F73FB1D9A398}.Release|Any CPU.Build.0 = Release|Any CPU
		{B77B06BA-995D-4FB4-9E30-23BE6DF50E17}.Debug|Any CPU.ActiveCfg = Debug|Any CPU
		{B77B06BA-995D-4FB4-9E30-23BE6DF50E17}.Debug|Any CPU.Build.0 = Debug|Any CPU
		{B77B06BA-995D-4FB4-9E30-23BE6DF50E17}.Release|Any CPU.ActiveCfg = Release|Any CPU
		{B77B06BA-995D-4FB4-9E30-23BE6DF50E17}.Release|Any CPU.Build.0 = Release|Any CPU
		{97BEF399-E0FF-4515-BC63-121D155FABB2}.Debug|Any CPU.ActiveCfg = Debug|Any CPU
		{97BEF399-E0FF-4515-BC63-121D155FABB2}.Debug|Any CPU.Build.0 = Debug|Any CPU
		{97BEF399-E0FF-4515-BC63-121D155FABB2}.Release|Any CPU.ActiveCfg = Release|Any CPU
		{97BEF399-E0FF-4515-BC63-121D155FABB2}.Release|Any CPU.Build.0 = Release|Any CPU
		{57D47AE3-E274-4425-B4B1-A61EB921B65F}.Debug|Any CPU.ActiveCfg = Debug|Any CPU
		{57D47AE3-E274-4425-B4B1-A61EB921B65F}.Debug|Any CPU.Build.0 = Debug|Any CPU
		{57D47AE3-E274-4425-B4B1-A61EB921B65F}.Release|Any CPU.ActiveCfg = Release|Any CPU
		{57D47AE3-E274-4425-B4B1-A61EB921B65F}.Release|Any CPU.Build.0 = Release|Any CPU
		{1975E261-8D51-49FB-84B4-2C6C77AD8504}.Debug|Any CPU.ActiveCfg = Debug|Any CPU
		{1975E261-8D51-49FB-84B4-2C6C77AD8504}.Debug|Any CPU.Build.0 = Debug|Any CPU
		{1975E261-8D51-49FB-84B4-2C6C77AD8504}.Release|Any CPU.ActiveCfg = Release|Any CPU
		{1975E261-8D51-49FB-84B4-2C6C77AD8504}.Release|Any CPU.Build.0 = Release|Any CPU
		{28D0B8AA-9EFD-452F-9AC1-0368E5C5050A}.Debug|Any CPU.ActiveCfg = Debug|Any CPU
		{28D0B8AA-9EFD-452F-9AC1-0368E5C5050A}.Debug|Any CPU.Build.0 = Debug|Any CPU
		{28D0B8AA-9EFD-452F-9AC1-0368E5C5050A}.Release|Any CPU.ActiveCfg = Release|Any CPU
		{28D0B8AA-9EFD-452F-9AC1-0368E5C5050A}.Release|Any CPU.Build.0 = Release|Any CPU
		{B89442DD-F8AB-4AAD-9E7B-10DB401A4CE6}.Debug|Any CPU.ActiveCfg = Debug|Any CPU
		{B89442DD-F8AB-4AAD-9E7B-10DB401A4CE6}.Debug|Any CPU.Build.0 = Debug|Any CPU
		{B89442DD-F8AB-4AAD-9E7B-10DB401A4CE6}.Release|Any CPU.ActiveCfg = Release|Any CPU
		{B89442DD-F8AB-4AAD-9E7B-10DB401A4CE6}.Release|Any CPU.Build.0 = Release|Any CPU
		{5F867094-24EF-4191-9525-A6034F086F40}.Debug|Any CPU.ActiveCfg = Debug|Any CPU
		{5F867094-24EF-4191-9525-A6034F086F40}.Debug|Any CPU.Build.0 = Debug|Any CPU
		{5F867094-24EF-4191-9525-A6034F086F40}.Release|Any CPU.ActiveCfg = Release|Any CPU
		{5F867094-24EF-4191-9525-A6034F086F40}.Release|Any CPU.Build.0 = Release|Any CPU
	EndGlobalSection
	GlobalSection(NestedProjects) = preSolution
		{3B6B82C5-ACA8-4128-86CB-1EECC9D3B6BC} = {E16D4D1E-F9D7-4566-8439-E4A063CFAFAD}
		{9A993124-7262-48FA-8FAB-A8EABA119947} = {E16D4D1E-F9D7-4566-8439-E4A063CFAFAD}
		{EAC8CAC9-732B-433A-AC9F-8506B170BC0F} = {E16D4D1E-F9D7-4566-8439-E4A063CFAFAD}
		{AB2F655C-27B1-42E6-B174-846D36F2F7ED} = {F67B97F4-B925-4A84-ABBA-575C7D3FFF58}
		{A4781E0F-8D12-43F6-85F2-A4DA2C1A8AA7} = {F67B97F4-B925-4A84-ABBA-575C7D3FFF58}
		{723CA84E-6959-49DD-BA4A-F73FB1D9A398} = {93EB3334-11C9-45DF-A01E-0F6EDAE6E36A}
		{B77B06BA-995D-4FB4-9E30-23BE6DF50E17} = {93EB3334-11C9-45DF-A01E-0F6EDAE6E36A}
		{97BEF399-E0FF-4515-BC63-121D155FABB2} = {CC5231C9-870C-4456-BA23-7E907488ADEB}
		{57D47AE3-E274-4425-B4B1-A61EB921B65F} = {CC5231C9-870C-4456-BA23-7E907488ADEB}
		{1975E261-8D51-49FB-84B4-2C6C77AD8504} = {DBD0281E-BBDF-41B9-80A7-A0B0290083D5}
		{28D0B8AA-9EFD-452F-9AC1-0368E5C5050A} = {DBD0281E-BBDF-41B9-80A7-A0B0290083D5}
		{B89442DD-F8AB-4AAD-9E7B-10DB401A4CE6} = {FB977775-1B35-43C6-A56A-10DB0B983901}
		{5F867094-24EF-4191-9525-A6034F086F40} = {FB977775-1B35-43C6-A56A-10DB0B983901}
	EndGlobalSection
EndGlobal
